lockfileVersion: '9.0'

settings:
  autoInstallPeers: true
  excludeLinksFromLockfile: false

importers:

  .:
    devDependencies:
      '@girs/clutter-18':
        specifier: ^4.1.0
        version: 4.1.0
      '@girs/gjs':
        specifier: ^4.1.0
        version: 4.1.0
      '@girs/gnome-shell':
        specifier: ^50.0.4
        version: 50.0.4
      '@typescript/native-preview':
        specifier: 7.0.0-dev.20260707.2
        version: 7.0.0-dev.20260707.2
      oxfmt:
        specifier: ^0.58.0
        version: 0.58.0
      oxlint:
        specifier: ^1.73.0
        version: 1.73.0
      rolldown:
        specifier: ^1.1.5
        version: 1.1.5

packages:

  '@emnapi/core@1.11.1':
    resolution: {integrity: sha512-RSvbQmHzdKzNsLYa/wHrbc3KN4sYLKAdPZxqiM2HATqv/SBk2/ENSHpvXGaLOMcsAyz0poEGqkmmKYG3OWiJEQ==}

  '@emnapi/runtime@1.11.1':
    resolution: {integrity: sha512-vgj7R3y3Wgx24IQaGPA/R6YFXLHVMOZ0uVEyIQPaWs+rd1AzfEMXlAC22FYwO1XkKR6NPsq7mUandH8oIRdZFw==}

  '@emnapi/wasi-threads@1.2.2':
    resolution: {integrity: sha512-c95qOXkHdydNKhscBTebqEC1CVAZpyqOfVfBzQ1qgzyl3gfeldUjIggDbIZgDKsHLgnsM+igH7TJ/eAasaVuMA==}

  '@girs/accountsservice-1.0@4.1.0':
    resolution: {integrity: sha512-Kp8TXbun34nQJ6h0EOqmAJ8P8sd3huzJMPtdw2FOpTPzViFcUPC95fICi231Ur0FhfhH62lXZnHthifUKb01HQ==}

  '@girs/adw-1@4.1.0':
    resolution: {integrity: sha512-Xv4doRXq7o9K+plUlrjl7e6ba04jtc7JS6U8JEMGZuNOL0BXsZa2lNbnLKKjUQnwzbh80EDECgyhiBkbhq7Heg==}

  '@girs/atk-1.0@4.1.0':
    resolution: {integrity: sha512-GBf3Ehc56boCbDx9lOt4hMWaETgxsUZ33Bfk022BVHhvWwXd5iWFt9wQHTiFkgJcAJjmPavhkouniAbuuBwH4Q==}

  '@girs/cairo-1.0@4.1.0':
    resolution: {integrity: sha512-iCdRmpCPpQn+skaJfLsDUvSSidKgQLAsFeah5Ac5I5dRmpdwCvDTsox6wreZssfhERWcUAldtWj7wXmSzPBLKg==}

  '@girs/clutter-18@4.1.0':
    resolution: {integrity: sha512-1peMQVW/Uu22YoEG8Msx8lRQgOXy1Efuw2al03v6Lc0yWdAXdL8aWZ4d8p6YKAH6WTBmiMthWG60+bZqKur0Cw==}

  '@girs/cogl-18@4.1.0':
    resolution: {integrity: sha512-eykux7piDFKlAoNpuEdzi7FjrD3TbSNlGCUHgKkkV8NEgU0WQr+SH15yCVMJDlqR4cxH8byESOaiXginEBIgEg==}

  '@girs/freetype2-2.0@4.1.0':
    resolution: {integrity: sha512-/+fMzCY84TrKi5wcT/EVQulM9xPhCAA5cTaZclzufA01MvasA8vrPu5zEF8qhfYbm77ro94A8P6kWpcOf1LxEQ==}

  '@girs/gck-2@4.1.0':
    resolution: {integrity: sha512-jrFH1iWhkGxFG2jCS+NYzWBM6jcaNYNysA3r9AT+EWmY7kVkMeGi9ec+LSqIqjC0qU/MaHaLIZ6HU6o34zZU3Q==}

  '@girs/gcr-4@4.1.0':
    resolution: {integrity: sha512-gpwN7hDZDg7ZFvVKhQcRIm5BhmcprFigtn6NR5Kohsquc6YGiq70v9Xo19gmWRQMFMo3nB+mZAAjzvTbpXhCww==}

  '@girs/gdesktopenums-3.0@4.1.0':
    resolution: {integrity: sha512-itkzeTHIezAVpuQgqDPKPPt00KOUZRPPdQBU4Ac/4/nKZTcmKwPFfLgQjgkcX1V4UQYknvGFoEY2E8X2tJagiQ==}

  '@girs/gdk-4.0@4.1.0':
    resolution: {integrity: sha512-Wf7ZaDS2e+DUJwEBVn/DQux42b2KQYNhWeaheK7nx5Ia6Y/w3Xpm/yqqYJh+KnZ+y8IgypjpscjL4qBkr944rw==}

  '@girs/gdkpixbuf-2.0@4.1.0':
    resolution: {integrity: sha512-i89aPIgZPSD1/UNH5PlsT7660HtqfPu8eU5TeSedUV7H5kCWXRO11SqbRpGJoa3ScMu8UU0LOkgFB1f1x0QefA==}

  '@girs/gdm-1.0@4.1.0':
    resolution: {integrity: sha512-JwIbQx1ABn0FSahUCXFyTrPkF7W38z6wyx2ydW+5ge5j2YKJTmadFd+/vK4BKyJgwkH9IjseLeWXzUrhQurBKQ==}

  '@girs/gio-2.0@4.1.0':
    resolution: {integrity: sha512-irRUpGEOHknlk4TNoOlAaBCg/jCGZKZv8Ulr23mmqf+MTI6ygDcbJY6bdHAf5dZfbgkOXjhXRl753j8F850W9Q==}

  '@girs/giounix-2.0@4.1.0':
    resolution: {integrity: sha512-e3JbHrw+MDbY4NzgMAIh7OUkA7bRfe8AuivklDPNF4b42q+ROyY2A1FZ+wYWGDYuRcjj8vokgDYIJ9hFy1wbAQ==}

  '@girs/gjs@4.1.0':
    resolution: {integrity: sha512-fF6beHhI/DW/4WF2JVDRVpjnWuae93euyr4NXOOTNXwaatDxbMB21jte+b0+Qc7eUEqjIUhV10Hq6ztl4hKWQg==}

  '@girs/gl-1.0@4.1.0':
    resolution: {integrity: sha512-DO2ibBPLGJe9IRWjQQ1zR7bVjk6yBWsvnN1W1fCweNItavJ2+fwTkyo8uHUnYtn5X2FIlx+drkO8VggFnbwdVA==}

  '@girs/glib-2.0@4.1.0':
    resolution: {integrity: sha512-1OeIRobL8UEPP5HXD+lwEgM3643aof+mJ6GJD6TMtzuI9ZbuVyS9MJjQopHW+YrRSLAZwfSQXm2WipA3p3EZmg==}

  '@girs/gmodule-2.0@4.1.0':
    resolution: {integrity: sha512-yOFTdnvD61ohMDk12T2Rhcve6vP4/vZpwb/0iQYLu4ZOTD6cazMEdpM+ncZSj8beffbRqTfd7H81HNAriVVm5Q==}

  '@girs/gnome-shell@50.0.4':
    resolution: {integrity: sha512-69phtdJHMPUBxVRDqfE4JWSZeauTIl0zFuILMIkJbqyHOb1U9sxN7yN59x+pJWGxVTktFz/Y9uXKjDzOcHlYFA==}

  '@girs/gnomebg-4.0@4.1.0':
    resolution: {integrity: sha512-9uha/ow4xAEqTiUkd0ew3vRlYTz3YHSG3HMQiGcVYdE/pWHFHjXQ5pToOIyQoDLL+HhoFy7XCUCCBxkgTuSk7w==}

  '@girs/gnomebluetooth-3.0@4.1.0':
    resolution: {integrity: sha512-V0Lo4JE0jotRbXZume/ZpoxUDyX8u1Iw8TD7i26iaMcsTQkNaEJdoNZfhL2WVW1rTU4pwkHD8IGJ2jZLTGInhA==}

  '@girs/gnomedesktop-4.0@4.1.0':
    resolution: {integrity: sha512-Rh1kcycDgjI29sjuP+72SODLEqYKxVAZ+FV5DUBmDOVjfNLTlIPPM/1bsTvsqrZxpvZ3ISBPZlsMg7pxLrPWxw==}

  '@girs/gobject-2.0@4.1.0':
    resolution: {integrity: sha512-5hPKlUOe8WdFQ6/uMS/0FEKC60ZNNJryIv9Qd4QB1jJkTHiah9TSQH4QVZNF14lQDxxYjAIgY8mcchGL2+bteA==}

  '@girs/graphene-1.0@4.1.0':
    resolution: {integrity: sha512-fCwGsfj7wryyakZ9RzLT9+LS59nk9IDVd0OEsK15njhGqTEQ0/96MiFHvyVhCnjcU1ifgz/PdY5uGqKnLXth1g==}

  '@girs/gsk-4.0@4.1.0':
    resolution: {integrity: sha512-wwgerEraNWX/sXiOnh3q2HrCC+kkdh2W8dXbP40eSEMmanIcXe7sC4nyDHSor1mp3y3XPvpS0BdiNfl4fxWx6A==}

  '@girs/gtk-4.0@4.1.0':
    resolution: {integrity: sha512-4stUvqZtBE3Fv6qhPF6yVVNhVgm9M5HD3WqTXEVxN3GmR8GtBTBSORHYPYSURQzfTASaHlctMmfg5II2A/KFVQ==}

  '@girs/gvc-1.0@4.1.0':
    resolution: {integrity: sha512-L+y6qJUxw5IhrO45UipRrWoUInW1t0zhcHWfpw2ageZVTlEqaSsdk82dNPAElmNqRvcKUZUrgZLwJEWx+A2fUg==}

  '@girs/harfbuzz-0.0@4.1.0':
    resolution: {integrity: sha512-370ny6RjcbGFRk6/50AFpCPteWgEN1y+2MyLXwSXGV0duJNlHBHOTtnuPTHkv+gGxp+s3/YTaQWa5UGzkVYN8g==}

  '@girs/meta-18@4.1.0':
    resolution: {integrity: sha512-KjEMVcOK6ny0nxxsdWI5RrxOSuhj7zh6mrH2EttaXbloqaLmbOCc2bhh61P7zjkhpanattuiEB8x+u3JQjj0tQ==}

  '@girs/mtk-18@4.1.0':
    resolution: {integrity: sha512-6Jc6i+g/CRbjskXUw8pwLxfLb4/YVsXrWZy6W4QWgbZzJAxIEZqCBCEhMKSJEcpuyfY382wOpEAGAZCYgHGxrw==}

  '@girs/nm-1.0@4.1.0':
    resolution: {integrity: sha512-ggBoqJ1bBeqWUMkoZTMGgTVVB5FWZk3Wm+bVUzMvrcOEhriS4XiToxvtOZ4SyObvNMaUvYku/pIAADxpVTWacg==}

  '@girs/pango-1.0@4.1.0':
    resolution: {integrity: sha512-hHDkTA1fyEDsfn4z2q8xDszXS3PgAqcKEjpFL4Xy0w70+JGW+704uxdi5qLRsi/wfjo6bc5K1v2pNsg3yYLiCg==}

  '@girs/pangocairo-1.0@4.1.0':
    resolution: {integrity: sha512-F1C18l6cQN8xCz4M+1zarllpMRkpPjlZcYiWVA9lTPDZnyfr47JAZGTBQUo/iayKfABMO1BHxeBJqOP2e87S3g==}

  '@girs/polkit-1.0@4.1.0':
    resolution: {integrity: sha512-lYyv3udRMc9umEBDCB9YlbVKdaIn/CGxGe7EOxI7HzX0/aMbWMHI6XfhDHYwyrcmnIDD0BviVZxPOaYDXTTimA==}

  '@girs/polkitagent-1.0@4.1.0':
    resolution: {integrity: sha512-RYY7dceP+HQkOAaCM3uucmLsnnp4lNRxVH4PTxQE/yDt46mG2YjWE+pb7ksoZph4LWcMgaOhUKpLEJdNtULLRQ==}

  '@girs/shell-18@4.1.0':
    resolution: {integrity: sha512-AGFHEDHTeYryprLkhYZdQTQVrbIgpA0qJTvXDnN+aeIL5wE34OBI9/GjxnQM34i6r/3t1uiDkgYeElOQ54vH1A==}

  '@girs/shew-0@4.1.0':
    resolution: {integrity: sha512-ErZ+tzi9SQBHIqOD+Arprk7iFw8cweQmp2aXQe4yol2i6cj8VbSow2OinjgBBJzoHGyPCKCuIQLzjDEzTWKIig==}

  '@girs/st-18@4.1.0':
    resolution: {integrity: sha512-Ki/B94KToCbl19nU3q1RaPcwU2X3jswBXZhSRFA+8envBdFRWvXaIxEyB9rL9dK5TlO17/MygdCc3cdBmmc4jA==}

  '@girs/upowerglib-1.0@4.1.0':
    resolution: {integrity: sha512-GLLY6HiRPD0LainaJc442l3Vf/vSu2cii5IYK36BvGjOSx712cp5d4/Xb80a/TA9/Jrbqr3tO8j8rzNjGRrmAw==}

  '@girs/xfixes-4.0@4.1.0':
    resolution: {integrity: sha512-WiS3TneSclpsUHcgXsU5Gj3LOcxiYeT8h2FM4PbOVarOGfMMNTdxDWp3kJdRuuUboKaepLCGSZY3MN53YtT6jA==}

  '@girs/xlib-2.0@4.1.0':
    resolution: {integrity: sha512-dLV0ObD16/+909MXi41ccYZqeh5G8uvi4uSzaX4H++kgOOA0D81PBacPjxLEEGizbLw/rzf46elwy6OHyjc/8Q==}

  '@napi-rs/wasm-runtime@1.1.6':
    resolution: {integrity: sha512-ZLv/JdUfkvOy9eCnnBaGfiO+XimbjebAeO+MRQqD/B+FR1tnRN0tpKSJHRbE8sFfS6aqsXZ67TQjfwfsxULVbg==}
    peerDependencies:
      '@emnapi/core': ^1.7.1
      '@emnapi/runtime': ^1.7.1

  '@oxc-project/types@0.139.0':
    resolution: {integrity: sha512-r9gHphtCs+1M7J0pw6Sn/hh/Wpa/iQrOOkrNAlVLF/gHq+/CJmHIWKKUUhdWjcD6CIa8idarspCsASiXCXvFUw==}

  '@oxfmt/binding-android-arm-eabi@0.58.0':
    resolution: {integrity: sha512-Uz62sHduGGPftXtILGyxdSW4PX82rUg+rfdNqhsgxe881g4rIoXlIqmZQ6HVKcF4f+F8qMhdD03Bx5u7gmeTdg==}
    engines: {node: ^20.19.0 || >=22.12.0}
    cpu: [arm]
    os: [android]

  '@oxfmt/binding-android-arm64@0.58.0':
    resolution: {integrity: sha512-rD0lRaJp1b+9vw6X4A2dJWKukd6X8yxiicN4JxXcXayolmUypRZxk+lKR+fVOu5q/iYc0fh5fR4bgmfOfVlbaA==}
    engines: {node: ^20.19.0 || >=22.12.0}
    cpu: [arm64]
    os: [android]

  '@oxfmt/binding-darwin-arm64@0.58.0':
    resolution: {integrity: sha512-uzbPPk7O6M+w2K65vcQ1woga3wgP8zghjL1KOG5b6qJ8dvYHZJ1VShaslg2KOK6yQIwCQtcMCXqLBM6sqXUNTg==}
    engines: {node: ^20.19.0 || >=22.12.0}
    cpu: [arm64]
    os: [darwin]

  '@oxfmt/binding-darwin-x64@0.58.0':
    resolution: {integrity: sha512-L0nKYDxU32oxeQqJj21W9SlIMnf81VZEhyah6iDvFhf5q0oynq498Fopth7blErUJVBpVtxQ98RMCfMPqpJX6w==}
    engines: {node: ^20.19.0 || >=22.12.0}
    cpu: [x64]
    os: [darwin]

  '@oxfmt/binding-freebsd-x64@0.58.0':
    resolution: {integrity: sha512-woNwfD58dC5PGS9LSLSD5JYfo/EFK5iG9vhDWkcCg3q78ag7KC8bpDqgvPHrMoXpx83OLXxoSOhu6z8FsVTHlg==}
    engines: {node: ^20.19.0 || >=22.12.0}
    cpu: [x64]
    os: [freebsd]

  '@oxfmt/binding-linux-arm-gnueabihf@0.58.0':
    resolution: {integrity: sha512-Sqs8nMLxuQpY21NKJ1u4stPDmO5hskBCNNh2E3AdCfI1QqWtf4m+Qn4mGEIUO4KGmuq3SWc/SZ80uy5IiwTCDw==}
    engines: {node: ^20.19.0 || >=22.12.0}
    cpu: [arm]
    os: [linux]

  '@oxfmt/binding-linux-arm-musleabihf@0.58.0':
    resolution: {integrity: sha512-Vd4exzBI5B5hB9m22JiTQzIL23WvHo/Pe+sNXPNeBLXSP9swCBPKCEBRwKpmpQzYhlgYaCgfPcGXPKAJBRIiZQ==}
    engines: {node: ^20.19.0 || >=22.12.0}
    cpu: [arm]
    os: [linux]

  '@oxfmt/binding-linux-arm64-gnu@0.58.0':
    resolution: {integrity: sha512-bUWi5mHV+4Vi56RLHE1h6q/HHfwAIT3XoB9vJAVeRzfu5NriXM8y6eeJu0vlKa0C9kq2rq1sOWRClhdLHPocrg==}
    engines: {node: ^20.19.0 || >=22.12.0}
    cpu: [arm64]
    os: [linux]
    libc: [glibc]

  '@oxfmt/binding-linux-arm64-musl@0.58.0':
    resolution: {integrity: sha512-2ZHxemzgHcjtktAuVUwSoyXmGo/t+aF5tS1ciPpPei4rhSyrz3JOqDosXXrmhN/yLUSzJjtuW7ToTWqfQpCj2w==}
    engines: {node: ^20.19.0 || >=22.12.0}
    cpu: [arm64]
    os: [linux]
    libc: [musl]

  '@oxfmt/binding-linux-ppc64-gnu@0.58.0':
    resolution: {integrity: sha512-AwKkVwjVmFQ3bcO7j0McGYAqCKH2a326fswfofng/E8VewCT/raeeGQr4huVhY704deK8AWASSTlxzMj0eZc6Q==}
    engines: {node: ^20.19.0 || >=22.12.0}
    cpu: [ppc64]
    os: [linux]
    libc: [glibc]

  '@oxfmt/binding-linux-riscv64-gnu@0.58.0':
    resolution: {integrity: sha512-xsRpTxfUnJF8D3AUKko/qyWdjw4GZVHlCVFuGlzSCTeewLmykKINW8em1+wx+axsDVtJJcMtvsiaXggXxrlHgw==}
    engines: {node: ^20.19.0 || >=22.12.0}
    cpu: [riscv64]
    os: [linux]
    libc: [glibc]

  '@oxfmt/binding-linux-riscv64-musl@0.58.0':
    resolution: {integrity: sha512-Z4AYOTcy7nYEIiXwD62PlerimyYRcfJOgUbQAEBjXz098kxKuERBlRntofGy69HHhe9E0TLVNMl1yspVNu+efw==}
    engines: {node: ^20.19.0 || >=22.12.0}
    cpu: [riscv64]
    os: [linux]
    libc: [musl]

  '@oxfmt/binding-linux-s390x-gnu@0.58.0':
    resolution: {integrity: sha512-A3nhhtZPC/TKVWOPj9q/H3p2znJDCcHWYlJBhWL8hGq/bFmBaNBHC8Np6E581yVq1w9Mi3rMDNzDalWvtUfJtQ==}
    engines: {node: ^20.19.0 || >=22.12.0}
    cpu: [s390x]
    os: [linux]
    libc: [glibc]

  '@oxfmt/binding-linux-x64-gnu@0.58.0':
    resolution: {integrity: sha512-2g+tVkgwqphw8R4hgo+kF4oz8+P5RwVOtr9+irsC7uwEp0e9j7Crw8kDGKL20uYlLPD7g02DqA61mC/UNYx98A==}
    engines: {node: ^20.19.0 || >=22.12.0}
    cpu: [x64]
    os: [linux]
    libc: [glibc]

  '@oxfmt/binding-linux-x64-musl@0.58.0':
    resolution: {integrity: sha512-rc15P6AbyyB7426aN8AakLd02Trb3a6ML/mmfAQeVHJEfVofWLcWIrBdy6zDEY+DIaL/s8E4GGPboVw+oP3+EA==}
    engines: {node: ^20.19.0 || >=22.12.0}
    cpu: [x64]
    os: [linux]
    libc: [musl]

  '@oxfmt/binding-openharmony-arm64@0.58.0':
    resolution: {integrity: sha512-ZWoTM27/HYPOh9iq86DAbhPu9nXb8qKvvGU/h8OfliyVUFAMMNTLDkGsWDKKnDqIkqvZ9+dXlgUOsH1LYO3O7g==}
    engines: {node: ^20.19.0 || >=22.12.0}
    cpu: [arm64]
    os: [openharmony]

  '@oxfmt/binding-win32-arm64-msvc@0.58.0':
    resolution: {integrity: sha512-LHZnqFXe2dEfkRI4XdZS/57nEOT/I4UCRX5IyM9v4GYW9XwQCjGe1IUK59SuKw3POwvcgWQ4pme2cYXmNqTNPg==}
    engines: {node: ^20.19.0 || >=22.12.0}
    cpu: [arm64]
    os: [win32]

  '@oxfmt/binding-win32-ia32-msvc@0.58.0':
    resolution: {integrity: sha512-mZKpg20TpheCJym1rarcZCUJeW1sSruw8zAAaCYWvuVfwIUDN1CXdrPU/JgCWReXTCTrEfCB8Wyo3hh9jSZ2EA==}
    engines: {node: ^20.19.0 || >=22.12.0}
    cpu: [ia32]
    os: [win32]

  '@oxfmt/binding-win32-x64-msvc@0.58.0':
    resolution: {integrity: sha512-N/wUU4N5PZ2orBtI+Ko7MnMfYLfE7K91UrGMY/c/pYyHR3lA9kwst1XugkZx+92YcRh/Eo+iv2eTESSWXfiZPA==}
    engines: {node: ^20.19.0 || >=22.12.0}
    cpu: [x64]
    os: [win32]

  '@oxlint/binding-android-arm-eabi@1.73.0':
    resolution: {integrity: sha512-HZQRN/UMBu+Ut+/9MiAChkbP4qZqrNOWBcNI45vOT40GVhbGR0JgHB87L48D4iAqFQIdVmeQYtV9RF89AjTKkg==}
    engines: {node: ^20.19.0 || >=22.12.0}
    cpu: [arm]
    os: [android]

  '@oxlint/binding-android-arm64@1.73.0':
    resolution: {integrity: sha512-Gp+KJRylv2aW7thRpG5p1KTxZq4ZJFbWowrKzufNq9d3ssl3r3JviYV45/+p+7CN1Nv0zDd1e8Ex0b/HUDq4TQ==}
    engines: {node: ^20.19.0 || >=22.12.0}
    cpu: [arm64]
    os: [android]

  '@oxlint/binding-darwin-arm64@1.73.0':
    resolution: {integrity: sha512-3de96NdtXhxERMjIz7wsp2HYMY6pMQycGxFWac2mFecAx6VeARF/IqFb1QIaqiCRIdfzBwzTed+pCTCoiS+CYA==}
    engines: {node: ^20.19.0 || >=22.12.0}
    cpu: [arm64]
    os: [darwin]

  '@oxlint/binding-darwin-x64@1.73.0':
    resolution: {integrity: sha512-5zx/uPW32TiaOeVY1dQ/H5iOf0K1HOdFKOJhLqGl4o63+i1fpzoqqu/mKtd7OFgFjNCdhlyTGgjVkQTZm1ELcg==}
    engines: {node: ^20.19.0 || >=22.12.0}
    cpu: [x64]
    os: [darwin]

  '@oxlint/binding-freebsd-x64@1.73.0':
    resolution: {integrity: sha512-qNe4gKHaGnLuZJ8toUg90JAa0S2vTVvDw+0bRi3q1avXZXDT4u5mMeECf3nD4HYrbdn1O7dXqWut4onY/yx/Xg==}
    engines: {node: ^20.19.0 || >=22.12.0}
    cpu: [x64]
    os: [freebsd]

  '@oxlint/binding-linux-arm-gnueabihf@1.73.0':
    resolution: {integrity: sha512-cCehYh5hTbfShm/fxTD6wwrGUWIpvX+N5OxmAMhFhDeTGXvw+BeNj889tpxsFQ9ZLatQ6wImuY8tsKLZ+FMz7w==}
    engines: {node: ^20.19.0 || >=22.12.0}
    cpu: [arm]
    os: [linux]

  '@oxlint/binding-linux-arm-musleabihf@1.73.0':
    resolution: {integrity: sha512-d5j5GDU/2dMgjVhw7TQT9ITrsIr1Y02KEXKyVGIXUkD+KiaxE9TP65FS2ZdgTBemQvoRL+gSBdbrIm3cQIeacg==}
    engines: {node: ^20.19.0 || >=22.12.0}
    cpu: [arm]
    os: [linux]

  '@oxlint/binding-linux-arm64-gnu@1.73.0':
    resolution: {integrity: sha512-Eyf1SrP3+yR1DI3OJgOY2Pvrr9dWP9TK37xPaDYycwTtlGlI45erJAVIfH5/m/xosDt6BupJYEFi47bvbTuuyw==}
    engines: {node: ^20.19.0 || >=22.12.0}
    cpu: [arm64]
    os: [linux]
    libc: [glibc]

  '@oxlint/binding-linux-arm64-musl@1.73.0':
    resolution: {integrity: sha512-IlT/OJApEDKaMmCooHuncgJZbbCe7T5QIWmTZBEtYscWvzPQuuEinVcid6kwQRVQOUdb7PUCz4jQHnaYXdfJXw==}
    engines: {node: ^20.19.0 || >=22.12.0}
    cpu: [arm64]
    os: [linux]
    libc: [musl]

  '@oxlint/binding-linux-ppc64-gnu@1.73.0':
    resolution: {integrity: sha512-L+JYcb/vdg5fmcH08V6o0YYLU28cTH1SPNulwJdvK9NK49aXSkYy6oNpKBmddArVOXYqNepriDGiZ04G54kh1Q==}
    engines: {node: ^20.19.0 || >=22.12.0}
    cpu: [ppc64]
    os: [linux]
    libc: [glibc]

  '@oxlint/binding-linux-riscv64-gnu@1.73.0':
    resolution: {integrity: sha512-Qtk0g3bKV6OwWjIm7R8kQN1uOZRKQt/MODK2a8QfkwhTpXBD53ozx5XLVWLGDQAVyp2otLW4D2wB98XfAfMPGA==}
    engines: {node: ^20.19.0 || >=22.12.0}
    cpu: [riscv64]
    os: [linux]
    libc: [glibc]

  '@oxlint/binding-linux-riscv64-musl@1.73.0':
    resolution: {integrity: sha512-wX0NQKZVxltkAOVmzFcpOaMpdaUvsq1Eqpx9tkAfl71UdkTlSo1R4AdAnGccR1Fm2+TzFgZ22CyyGuZ41RDr/A==}
    engines: {node: ^20.19.0 || >=22.12.0}
    cpu: [riscv64]
    os: [linux]
    libc: [musl]

  '@oxlint/binding-linux-s390x-gnu@1.73.0':
    resolution: {integrity: sha512-vPe7UGBMWyiLTtnqS4xxgMQFSFGmtQwhwCxuiw6lXygaO6bVt0D8dFVg8Xv05eaiN3ybC0HXXHUAohFMFvqoCQ==}
    engines: {node: ^20.19.0 || >=22.12.0}
    cpu: [s390x]
    os: [linux]
    libc: [glibc]

  '@oxlint/binding-linux-x64-gnu@1.73.0':
    resolution: {integrity: sha512-2CwIWr9cemFC/CbRBWZvuk5mffz6ObmfFkfcC/9rTQ7f+icNhYr2kOjf9Rt8lLvugvkdGDOmkoVoFFHh6ClCTw==}
    engines: {node: ^20.19.0 || >=22.12.0}
    cpu: [x64]
    os: [linux]
    libc: [glibc]

  '@oxlint/binding-linux-x64-musl@1.73.0':
    resolution: {integrity: sha512-nDadfJgg7NBBxG0N560wOe7LLX5QiYp6qBaI7viuk5EUORFBktU/NfV0MbTqU3gTqQDCh4VyxKdo5VADxk9w8Q==}
    engines: {node: ^20.19.0 || >=22.12.0}
    cpu: [x64]
    os: [linux]
    libc: [musl]

  '@oxlint/binding-openharmony-arm64@1.73.0':
    resolution: {integrity: sha512-wGjJC+NLH9xP+IKGn9RDW94ojJR/wPbg5WCnQjj/oReaOtCQthr8ws1zICe77JFmo4ouUdeTHHZL/ESGiF6Pmw==}
    engines: {node: ^20.19.0 || >=22.12.0}
    cpu: [arm64]
    os: [openharmony]

  '@oxlint/binding-win32-arm64-msvc@1.73.0':
    resolution: {integrity: sha512-I7X47GPGljw225YUQ5SbC/rb1Kkdrd0yQf0x+hYxeKS6DpfjMbo9ccQPQ6LNY6BoJQ1sHhgDUGuMn5Vg5gHT6w==}
    engines: {node: ^20.19.0 || >=22.12.0}
    cpu: [arm64]
    os: [win32]

  '@oxlint/binding-win32-ia32-msvc@1.73.0':
    resolution: {integrity: sha512-5lWj+3h+74Fm1jYOO9qkJA4xkAlZA099DkXppuXsk7UpnpZLttsefrZU469vChGaG6hcSqrkKXQOvMTZtbjeNg==}
    engines: {node: ^20.19.0 || >=22.12.0}
    cpu: [ia32]
    os: [win32]

  '@oxlint/binding-win32-x64-msvc@1.73.0':
    resolution: {integrity: sha512-WaNRvh4f6zY9CvUQk2YoA1O90ieWrIklI84+HXFr9Isjz9CSESrdqo/RtIYt4Dll/cAchqGDMehfaZd0vqEFZw==}
    engines: {node: ^20.19.0 || >=22.12.0}
    cpu: [x64]
    os: [win32]

  '@rolldown/binding-android-arm64@1.1.5':
    resolution: {integrity: sha512-lZg8fqIv2v7FF237bwMgzGZEJvGL79/s5knJ/i6FmsGF4XXlzccZ4jb+TrFIxtSSxFtIpdsgrPZeMk1I9AFcyQ==}
    engines: {node: ^20.19.0 || >=22.12.0}
    cpu: [arm64]
    os: [android]

  '@rolldown/binding-darwin-arm64@1.1.5':
    resolution: {integrity: sha512-51Bnx9pNiMRKSUNtBfySkNJ9vMU9Hh3I1ozDd6gyPPYzaXCfnptUcEZxXGYFn+ul2dtcMUiqGR1Yai2K10uoTw==}
    engines: {node: ^20.19.0 || >=22.12.0}
    cpu: [arm64]
    os: [darwin]

  '@rolldown/binding-darwin-x64@1.1.5':
    resolution: {integrity: sha512-Tm+gbfC0aHu1tBA/JvKQh32S0K6YgCHkiAF4/W6xX0K0RmNuc94VeK419dJoE65R5aRxmo+noZQSWrAMF6yb6g==}
    engines: {node: ^20.19.0 || >=22.12.0}
    cpu: [x64]
    os: [darwin]

  '@rolldown/binding-freebsd-x64@1.1.5':
    resolution: {integrity: sha512-JMzDKCCXq93YccG5gz3hvOs1oXRKAf0XYpfOS88e+wZrC8Iugj6j68867vrYZkvpDDpKn/KoKORThmchMpF6TA==}
    engines: {node: ^20.19.0 || >=22.12.0}
    cpu: [x64]
    os: [freebsd]

  '@rolldown/binding-linux-arm-gnueabihf@1.1.5':
    resolution: {integrity: sha512-uML21j2K5TfPGutKxub+M+nLjZIrWjXQ5Grx4lCe/nimTj9B4L63zHpjXLl4y0L3mcm2htEQIb06oCG/szerNw==}
    engines: {node: ^20.19.0 || >=22.12.0}
    cpu: [arm]
    os: [linux]

  '@rolldown/binding-linux-arm64-gnu@1.1.5':
    resolution: {integrity: sha512-navSiuTMogvnQoZoM/v+l3ZWo50/NTwSHSzheABx/RCnmUPaKwq9qSo4Br2OYRs21+Fz8uFqITZM3H4opOB0/Q==}
    engines: {node: ^20.19.0 || >=22.12.0}
    cpu: [arm64]
    os: [linux]
    libc: [glibc]

  '@rolldown/binding-linux-arm64-musl@1.1.5':
    resolution: {integrity: sha512-lAryqH7IteztmCXQXk0etKj4wBQ7Gx5S6LjKhsgp9zb8I5bsuvU/2llH1hDQcjsFeqIsovMVN339/8pUDDBXxA==}
    engines: {node: ^20.19.0 || >=22.12.0}
    cpu: [arm64]
    os: [linux]
    libc: [musl]

  '@rolldown/binding-linux-ppc64-gnu@1.1.5':
    resolution: {integrity: sha512-fsK/sNBnxzBlL4O1JNrZakVQxPspqpED5dLtNsZS9oOKmtSpdNIzxH2kkol5HYTWJN47sE20ztMJPxfZ89qGOg==}
    engines: {node: ^20.19.0 || >=22.12.0}
    cpu: [ppc64]
    os: [linux]
    libc: [glibc]

  '@rolldown/binding-linux-s390x-gnu@1.1.5':
    resolution: {integrity: sha512-gLYb4BIadlfTOYT5gO503n8zQjXflgzpD0FcyKh0Mzx3rqCZKnHoJWV9xe1KXUJ5lx2JfcSHr/mhzS0PC/McAA==}
    engines: {node: ^20.19.0 || >=22.12.0}
    cpu: [s390x]
    os: [linux]
    libc: [glibc]

  '@rolldown/binding-linux-x64-gnu@1.1.5':
    resolution: {integrity: sha512-FjcpEKUyJygHgs1o50VYNvkt5+7Le/VEdYt0AkRpkL33MnyQfwr8l5mXwMmfmTbyMPr5vJLC+8/Gd9gXnwU1QQ==}
    engines: {node: ^20.19.0 || >=22.12.0}
    cpu: [x64]
    os: [linux]
    libc: [glibc]

  '@rolldown/binding-linux-x64-musl@1.1.5':
    resolution: {integrity: sha512-Me+PfPI2TMeOQk0gYWfLQZtTktrmzbr8cDboqX83XKc7UrgAi55gF+2dUkWdxd19n55Essp2yeca+O9N5rBxHg==}
    engines: {node: ^20.19.0 || >=22.12.0}
    cpu: [x64]
    os: [linux]
    libc: [musl]

  '@rolldown/binding-openharmony-arm64@1.1.5':
    resolution: {integrity: sha512-yc5WrLzXks6zCQfn9Oxr8pORKyl/pF+QjHmW/Qx3qu0oyrrNC+y2JLTU1E2rcWYAmzlnqngWXHQjy51VzW70Vw==}
    engines: {node: ^20.19.0 || >=22.12.0}
    cpu: [arm64]
    os: [openharmony]

  '@rolldown/binding-wasm32-wasi@1.1.5':
    resolution: {integrity: sha512-VbQGPX2b4r48TAMIM2cjgluIM1HYutm4pcTEJsle7iEP7sB1dFqtPLBVbdLAZCxy1txCcPxf4QFf4v8uvltPqA==}
    engines: {node: ^20.19.0 || >=22.12.0}
    cpu: [wasm32]

  '@rolldown/binding-win32-arm64-msvc@1.1.5':
    resolution: {integrity: sha512-gHv82k63z4qpV5+Q1y/12KrK0ltWBukVDI8nZcbT7Tt/ZlOIVwppazneq0F93oDxTo3IgAMEDIoQh3E2n6mVsw==}
    engines: {node: ^20.19.0 || >=22.12.0}
    cpu: [arm64]
    os: [win32]

  '@rolldown/binding-win32-x64-msvc@1.1.5':
    resolution: {integrity: sha512-tTZuDBPw85tEN5PQi1pnEBzDy0Z49HtScLAbD5t6hyeU92A95pRWaSMw1GZZi/RwgSgUIl0xrSlXIT/9QzvYSA==}
    engines: {node: ^20.19.0 || >=22.12.0}
    cpu: [x64]
    os: [win32]

  '@rolldown/pluginutils@1.0.1':
    resolution: {integrity: sha512-2j9bGt5Jh8hj+vPtgzPtl72j0yRxHAyumoo6TNfAjsLB04UtpSvPbPcDcBMxz7n+9CYB0c1GxQFxYRg2jimqGw==}

  '@tybys/wasm-util@0.10.3':
    resolution: {integrity: sha512-F3fo1MYrRJYL3zER0OUOmkutjr1Vp23m7OsSgp7nq4SP6OqX6C/56XFIPAl5bt3zaBRjmW7SGz3u/6LwFpYcOg==}

  '@typescript/native-preview-darwin-arm64@7.0.0-dev.20260707.2':
    resolution: {integrity: sha512-wny2pgKjGbiZtnOIHVa3tXC1UfDqxNEFzyPGmiqybedG8hipG2Nfp0l5UxbaKCjkLacUpH/W5bP2hBOMVhCOzg==}
    engines: {node: '>=16.20.0'}
    cpu: [arm64]
    os: [darwin]

  '@typescript/native-preview-darwin-x64@7.0.0-dev.20260707.2':
    resolution: {integrity: sha512-Afc7M5zOwo+GpfcYwz5Z8HMB2tPVsui7nNIqEuuFB73MPdVqNn/Wmpe4tP4MRri0AtJnJknoHBaTJ/VDAp/Jhw==}
    engines: {node: '>=16.20.0'}
    cpu: [x64]
    os: [darwin]

  '@typescript/native-preview-linux-arm64@7.0.0-dev.20260707.2':
    resolution: {integrity: sha512-iITBa2WjjTI5N9t5l7Z4KoOSI+2zBlhbvFzsD/f8qX8QoKjz/Y4DPyBDgezYi8nkqjjksbgSOJ3/ykzhwrB9cg==}
    engines: {node: '>=16.20.0'}
    cpu: [arm64]
    os: [linux]

  '@typescript/native-preview-linux-arm@7.0.0-dev.20260707.2':
    resolution: {integrity: sha512-hJm/UOqZTr9FHmR7uNm8VGX4oKtfWk0Jem0zPeJFNC8ckGUfSBueyiEYMZB+XmRc1aG4x1E46y3CplP4CLHvGQ==}
    engines: {node: '>=16.20.0'}
    cpu: [arm]
    os: [linux]

  '@typescript/native-preview-linux-x64@7.0.0-dev.20260707.2':
    resolution: {integrity: sha512-du0dzi6y97Po5vDNdPJTyyijHCpaS22JLRnKZEJXBDaO9gCIymOv/5QQokFRuOlQm0bWl3i9PF4OVdGP6uAOQA==}
    engines: {node: '>=16.20.0'}
    cpu: [x64]
    os: [linux]

  '@typescript/native-preview-win32-arm64@7.0.0-dev.20260707.2':
    resolution: {integrity: sha512-SsAwfhyHJ1akgBc+99z4+hwdbHsdWaKB8EwCNIMA6JfSLMeUjffrYvxu+vfMyxVtOVOz7RrRXRoiDiu4a2sCtg==}
    engines: {node: '>=16.20.0'}
    cpu: [arm64]
    os: [win32]

  '@typescript/native-preview-win32-x64@7.0.0-dev.20260707.2':
    resolution: {integrity: sha512-DL4u27stv0fo71sVhOzHSwE+YMZsbBijVI+kg5dLDLilSH79WFTJ8RSQ46vJrCMt+Gjlv/JOZP1PuLJDfioYeQ==}
    engines: {node: '>=16.20.0'}
    cpu: [x64]
    os: [win32]

  '@typescript/native-preview@7.0.0-dev.20260707.2':
    resolution: {integrity: sha512-oUGp+Rep/hqMhPunyinsALUwSlzHINSxitifPiSaeqoKOKD2OlR9NE3TaPqwsl4NlGslsOSUXI1JotWQzpYCPg==}
    engines: {node: '>=16.20.0'}
    hasBin: true

  oxfmt@0.58.0:
    resolution: {integrity: sha512-8feG/7NVEHDVwc1OUpP6Pks+TnaDFUw2jLLFIMi5bcmmwxAX2wBQvjSzj62RRTYBf2Op1Wt8xbkmagmPTR5ETg==}
    engines: {node: ^20.19.0 || >=22.12.0}
    hasBin: true
    peerDependencies:
      svelte: ^5.0.0
      vite-plus: '*'
    peerDependenciesMeta:
      svelte:
        optional: true
      vite-plus:
        optional: true

  oxlint@1.73.0:
    resolution: {integrity: sha512-u91G9TJzU6yqKWNZUYprQB07W7YvntZXaRxQ6CkoytepYhLWUXWsr1M8zUJ34VatNPuUAr3Z8GH+O2A331CluQ==}
    engines: {node: ^20.19.0 || >=22.12.0}
    hasBin: true
    peerDependencies:
      oxlint-tsgolint: '>=0.24.0'
      vite-plus: '*'
    peerDependenciesMeta:
      oxlint-tsgolint:
        optional: true
      vite-plus:
        optional: true

  rolldown@1.1.5:
    resolution: {integrity: sha512-t9z29cJjXf/vxQ8dyhCSpt6H6aSwHTk8cT5I3iy6SMXuFpk5mB6PL6XfC8PCwrPTx93udwKUm9HRteAlTGBLiA==}
    engines: {node: ^20.19.0 || >=22.12.0}
    hasBin: true

  tinypool@2.1.0:
    resolution: {integrity: sha512-Pugqs6M0m7Lv1I7FtxN4aoyToKg1C4tu+/381vH35y8oENM/Ai7f7C4StcoK4/+BSw9ebcS8jRiVrORFKCALLw==}
    engines: {node: ^20.0.0 || >=22.0.0}

  tslib@2.8.1:
    resolution: {integrity: sha512-oJFu94HQb+KVduSUQL7wnpmqnfmLsOA/nAh6b6EH0wCEoK0/mPeXU6c3wKDV83MkOuHPRHtSXKKU99IBazS/2w==}

snapshots:

  '@emnapi/core@1.11.1':
    dependencies:
      '@emnapi/wasi-threads': 1.2.2
      tslib: 2.8.1
    optional: true

  '@emnapi/runtime@1.11.1':
    dependencies:
      tslib: 2.8.1
    optional: true

  '@emnapi/wasi-threads@1.2.2':
    dependencies:
      tslib: 2.8.1
    optional: true

  '@girs/accountsservice-1.0@4.1.0':
    dependencies:
      '@girs/gio-2.0': 4.1.0
      '@girs/gjs': 4.1.0
      '@girs/glib-2.0': 4.1.0
      '@girs/gmodule-2.0': 4.1.0
      '@girs/gobject-2.0': 4.1.0

  '@girs/adw-1@4.1.0':
    dependencies:
      '@girs/cairo-1.0': 4.1.0
      '@girs/freetype2-2.0': 4.1.0
      '@girs/gdk-4.0': 4.1.0
      '@girs/gdkpixbuf-2.0': 4.1.0
      '@girs/gio-2.0': 4.1.0
      '@girs/gjs': 4.1.0
      '@girs/glib-2.0': 4.1.0
      '@girs/gmodule-2.0': 4.1.0
      '@girs/gobject-2.0': 4.1.0
      '@girs/graphene-1.0': 4.1.0
      '@girs/gsk-4.0': 4.1.0
      '@girs/gtk-4.0': 4.1.0
      '@girs/harfbuzz-0.0': 4.1.0
      '@girs/pango-1.0': 4.1.0
      '@girs/pangocairo-1.0': 4.1.0

  '@girs/atk-1.0@4.1.0':
    dependencies:
      '@girs/gjs': 4.1.0
      '@girs/glib-2.0': 4.1.0
      '@girs/gobject-2.0': 4.1.0

  '@girs/cairo-1.0@4.1.0':
    dependencies:
      '@girs/gjs': 4.1.0
      '@girs/glib-2.0': 4.1.0
      '@girs/gobject-2.0': 4.1.0

  '@girs/clutter-18@4.1.0':
    dependencies:
      '@girs/atk-1.0': 4.1.0
      '@girs/cairo-1.0': 4.1.0
      '@girs/cogl-18': 4.1.0
      '@girs/freetype2-2.0': 4.1.0
      '@girs/gio-2.0': 4.1.0
      '@girs/gjs': 4.1.0
      '@girs/gl-1.0': 4.1.0
      '@girs/glib-2.0': 4.1.0
      '@girs/gmodule-2.0': 4.1.0
      '@girs/gobject-2.0': 4.1.0
      '@girs/graphene-1.0': 4.1.0
      '@girs/harfbuzz-0.0': 4.1.0
      '@girs/mtk-18': 4.1.0
      '@girs/pango-1.0': 4.1.0

  '@girs/cogl-18@4.1.0':
    dependencies:
      '@girs/gjs': 4.1.0
      '@girs/gl-1.0': 4.1.0
      '@girs/glib-2.0': 4.1.0
      '@girs/gobject-2.0': 4.1.0
      '@girs/graphene-1.0': 4.1.0
      '@girs/mtk-18': 4.1.0

  '@girs/freetype2-2.0@4.1.0':
    dependencies:
      '@girs/gjs': 4.1.0
      '@girs/gobject-2.0': 4.1.0

  '@girs/gck-2@4.1.0':
    dependencies:
      '@girs/gio-2.0': 4.1.0
      '@girs/gjs': 4.1.0
      '@girs/glib-2.0': 4.1.0
      '@girs/gmodule-2.0': 4.1.0
      '@girs/gobject-2.0': 4.1.0

  '@girs/gcr-4@4.1.0':
    dependencies:
      '@girs/gck-2': 4.1.0
      '@girs/gio-2.0': 4.1.0
      '@girs/gjs': 4.1.0
      '@girs/glib-2.0': 4.1.0
      '@girs/gmodule-2.0': 4.1.0
      '@girs/gobject-2.0': 4.1.0

  '@girs/gdesktopenums-3.0@4.1.0':
    dependencies:
      '@girs/gjs': 4.1.0
      '@girs/gobject-2.0': 4.1.0

  '@girs/gdk-4.0@4.1.0':
    dependencies:
      '@girs/cairo-1.0': 4.1.0
      '@girs/freetype2-2.0': 4.1.0
      '@girs/gdkpixbuf-2.0': 4.1.0
      '@girs/gio-2.0': 4.1.0
      '@girs/gjs': 4.1.0
      '@girs/glib-2.0': 4.1.0
      '@girs/gmodule-2.0': 4.1.0
      '@girs/gobject-2.0': 4.1.0
      '@girs/harfbuzz-0.0': 4.1.0
      '@girs/pango-1.0': 4.1.0
      '@girs/pangocairo-1.0': 4.1.0

  '@girs/gdkpixbuf-2.0@4.1.0':
    dependencies:
      '@girs/gio-2.0': 4.1.0
      '@girs/gjs': 4.1.0
      '@girs/glib-2.0': 4.1.0
      '@girs/gmodule-2.0': 4.1.0
      '@girs/gobject-2.0': 4.1.0

  '@girs/gdm-1.0@4.1.0':
    dependencies:
      '@girs/gio-2.0': 4.1.0
      '@girs/gjs': 4.1.0
      '@girs/glib-2.0': 4.1.0
      '@girs/gmodule-2.0': 4.1.0
      '@girs/gobject-2.0': 4.1.0

  '@girs/gio-2.0@4.1.0':
    dependencies:
      '@girs/gjs': 4.1.0
      '@girs/glib-2.0': 4.1.0
      '@girs/gmodule-2.0': 4.1.0
      '@girs/gobject-2.0': 4.1.0

  '@girs/giounix-2.0@4.1.0':
    dependencies:
      '@girs/gio-2.0': 4.1.0
      '@girs/gjs': 4.1.0
      '@girs/glib-2.0': 4.1.0
      '@girs/gmodule-2.0': 4.1.0
      '@girs/gobject-2.0': 4.1.0

  '@girs/gjs@4.1.0':
    dependencies:
      '@girs/cairo-1.0': 4.1.0
      '@girs/gio-2.0': 4.1.0
      '@girs/glib-2.0': 4.1.0
      '@girs/gobject-2.0': 4.1.0

  '@girs/gl-1.0@4.1.0':
    dependencies:
      '@girs/gjs': 4.1.0
      '@girs/gobject-2.0': 4.1.0

  '@girs/glib-2.0@4.1.0':
    dependencies:
      '@girs/gjs': 4.1.0
      '@girs/gobject-2.0': 4.1.0

  '@girs/gmodule-2.0@4.1.0':
    dependencies:
      '@girs/gjs': 4.1.0
      '@girs/glib-2.0': 4.1.0
      '@girs/gobject-2.0': 4.1.0

  '@girs/gnome-shell@50.0.4':
    dependencies:
      '@girs/accountsservice-1.0': 4.1.0
      '@girs/adw-1': 4.1.0
      '@girs/atk-1.0': 4.1.0
      '@girs/clutter-18': 4.1.0
      '@girs/cogl-18': 4.1.0
      '@girs/gcr-4': 4.1.0
      '@girs/gdm-1.0': 4.1.0
      '@girs/gio-2.0': 4.1.0
      '@girs/giounix-2.0': 4.1.0
      '@girs/gjs': 4.1.0
      '@girs/glib-2.0': 4.1.0
      '@girs/gnomebg-4.0': 4.1.0
      '@girs/gnomebluetooth-3.0': 4.1.0
      '@girs/gnomedesktop-4.0': 4.1.0
      '@girs/gobject-2.0': 4.1.0
      '@girs/gtk-4.0': 4.1.0
      '@girs/gvc-1.0': 4.1.0
      '@girs/meta-18': 4.1.0
      '@girs/mtk-18': 4.1.0
      '@girs/polkit-1.0': 4.1.0
      '@girs/shell-18': 4.1.0
      '@girs/shew-0': 4.1.0
      '@girs/st-18': 4.1.0
      '@girs/upowerglib-1.0': 4.1.0

  '@girs/gnomebg-4.0@4.1.0':
    dependencies:
      '@girs/cairo-1.0': 4.1.0
      '@girs/freetype2-2.0': 4.1.0
      '@girs/gdesktopenums-3.0': 4.1.0
      '@girs/gdk-4.0': 4.1.0
      '@girs/gdkpixbuf-2.0': 4.1.0
      '@girs/gio-2.0': 4.1.0
      '@girs/gjs': 4.1.0
      '@girs/glib-2.0': 4.1.0
      '@girs/gmodule-2.0': 4.1.0
      '@girs/gnomedesktop-4.0': 4.1.0
      '@girs/gobject-2.0': 4.1.0
      '@girs/harfbuzz-0.0': 4.1.0
      '@girs/pango-1.0': 4.1.0
      '@girs/pangocairo-1.0': 4.1.0

  '@girs/gnomebluetooth-3.0@4.1.0':
    dependencies:
      '@girs/gio-2.0': 4.1.0
      '@girs/gjs': 4.1.0
      '@girs/glib-2.0': 4.1.0
      '@girs/gmodule-2.0': 4.1.0
      '@girs/gobject-2.0': 4.1.0

  '@girs/gnomedesktop-4.0@4.1.0':
    dependencies:
      '@girs/gdesktopenums-3.0': 4.1.0
      '@girs/gdkpixbuf-2.0': 4.1.0
      '@girs/gio-2.0': 4.1.0
      '@girs/gjs': 4.1.0
      '@girs/glib-2.0': 4.1.0
      '@girs/gmodule-2.0': 4.1.0
      '@girs/gobject-2.0': 4.1.0

  '@girs/gobject-2.0@4.1.0':
    dependencies:
      '@girs/gjs': 4.1.0
      '@girs/glib-2.0': 4.1.0

  '@girs/graphene-1.0@4.1.0':
    dependencies:
      '@girs/gjs': 4.1.0
      '@girs/glib-2.0': 4.1.0
      '@girs/gobject-2.0': 4.1.0

  '@girs/gsk-4.0@4.1.0':
    dependencies:
      '@girs/cairo-1.0': 4.1.0
      '@girs/freetype2-2.0': 4.1.0
      '@girs/gdk-4.0': 4.1.0
      '@girs/gdkpixbuf-2.0': 4.1.0
      '@girs/gio-2.0': 4.1.0
      '@girs/gjs': 4.1.0
      '@girs/glib-2.0': 4.1.0
      '@girs/gmodule-2.0': 4.1.0
      '@girs/gobject-2.0': 4.1.0
      '@girs/graphene-1.0': 4.1.0
      '@girs/harfbuzz-0.0': 4.1.0
      '@girs/pango-1.0': 4.1.0
      '@girs/pangocairo-1.0': 4.1.0

  '@girs/gtk-4.0@4.1.0':
    dependencies:
      '@girs/cairo-1.0': 4.1.0
      '@girs/freetype2-2.0': 4.1.0
      '@girs/gdk-4.0': 4.1.0
      '@girs/gdkpixbuf-2.0': 4.1.0
      '@girs/gio-2.0': 4.1.0
      '@girs/gjs': 4.1.0
      '@girs/glib-2.0': 4.1.0
      '@girs/gmodule-2.0': 4.1.0
      '@girs/gobject-2.0': 4.1.0
      '@girs/graphene-1.0': 4.1.0
      '@girs/gsk-4.0': 4.1.0
      '@girs/harfbuzz-0.0': 4.1.0
      '@girs/pango-1.0': 4.1.0
      '@girs/pangocairo-1.0': 4.1.0

  '@girs/gvc-1.0@4.1.0':
    dependencies:
      '@girs/gio-2.0': 4.1.0
      '@girs/gjs': 4.1.0
      '@girs/glib-2.0': 4.1.0
      '@girs/gmodule-2.0': 4.1.0
      '@girs/gobject-2.0': 4.1.0

  '@girs/harfbuzz-0.0@4.1.0':
    dependencies:
      '@girs/freetype2-2.0': 4.1.0
      '@girs/gjs': 4.1.0
      '@girs/glib-2.0': 4.1.0
      '@girs/gobject-2.0': 4.1.0

  '@girs/meta-18@4.1.0':
    dependencies:
      '@girs/atk-1.0': 4.1.0
      '@girs/cairo-1.0': 4.1.0
      '@girs/clutter-18': 4.1.0
      '@girs/cogl-18': 4.1.0
      '@girs/freetype2-2.0': 4.1.0
      '@girs/gdesktopenums-3.0': 4.1.0
      '@girs/gio-2.0': 4.1.0
      '@girs/gjs': 4.1.0
      '@girs/gl-1.0': 4.1.0
      '@girs/glib-2.0': 4.1.0
      '@girs/gmodule-2.0': 4.1.0
      '@girs/gobject-2.0': 4.1.0
      '@girs/graphene-1.0': 4.1.0
      '@girs/harfbuzz-0.0': 4.1.0
      '@girs/mtk-18': 4.1.0
      '@girs/pango-1.0': 4.1.0
      '@girs/xfixes-4.0': 4.1.0
      '@girs/xlib-2.0': 4.1.0

  '@girs/mtk-18@4.1.0':
    dependencies:
      '@girs/gjs': 4.1.0
      '@girs/glib-2.0': 4.1.0
      '@girs/gobject-2.0': 4.1.0
      '@girs/graphene-1.0': 4.1.0

  '@girs/nm-1.0@4.1.0':
    dependencies:
      '@girs/gio-2.0': 4.1.0
      '@girs/gjs': 4.1.0
      '@girs/glib-2.0': 4.1.0
      '@girs/gmodule-2.0': 4.1.0
      '@girs/gobject-2.0': 4.1.0

  '@girs/pango-1.0@4.1.0':
    dependencies:
      '@girs/cairo-1.0': 4.1.0
      '@girs/freetype2-2.0': 4.1.0
      '@girs/gio-2.0': 4.1.0
      '@girs/gjs': 4.1.0
      '@girs/glib-2.0': 4.1.0
      '@girs/gmodule-2.0': 4.1.0
      '@girs/gobject-2.0': 4.1.0
      '@girs/harfbuzz-0.0': 4.1.0

  '@girs/pangocairo-1.0@4.1.0':
    dependencies:
      '@girs/cairo-1.0': 4.1.0
      '@girs/freetype2-2.0': 4.1.0
      '@girs/gio-2.0': 4.1.0
      '@girs/gjs': 4.1.0
      '@girs/glib-2.0': 4.1.0
      '@girs/gmodule-2.0': 4.1.0
      '@girs/gobject-2.0': 4.1.0
      '@girs/harfbuzz-0.0': 4.1.0
      '@girs/pango-1.0': 4.1.0

  '@girs/polkit-1.0@4.1.0':
    dependencies:
      '@girs/gio-2.0': 4.1.0
      '@girs/gjs': 4.1.0
      '@girs/glib-2.0': 4.1.0
      '@girs/gmodule-2.0': 4.1.0
      '@girs/gobject-2.0': 4.1.0

  '@girs/polkitagent-1.0@4.1.0':
    dependencies:
      '@girs/gio-2.0': 4.1.0
      '@girs/gjs': 4.1.0
      '@girs/glib-2.0': 4.1.0
      '@girs/gmodule-2.0': 4.1.0
      '@girs/gobject-2.0': 4.1.0
      '@girs/polkit-1.0': 4.1.0

  '@girs/shell-18@4.1.0':
    dependencies:
      '@girs/atk-1.0': 4.1.0
      '@girs/cairo-1.0': 4.1.0
      '@girs/clutter-18': 4.1.0
      '@girs/cogl-18': 4.1.0
      '@girs/freetype2-2.0': 4.1.0
      '@girs/gck-2': 4.1.0
      '@girs/gcr-4': 4.1.0
      '@girs/gdesktopenums-3.0': 4.1.0
      '@girs/gdkpixbuf-2.0': 4.1.0
      '@girs/gio-2.0': 4.1.0
      '@girs/giounix-2.0': 4.1.0
      '@girs/gjs': 4.1.0
      '@girs/gl-1.0': 4.1.0
      '@girs/glib-2.0': 4.1.0
      '@girs/gmodule-2.0': 4.1.0
      '@girs/gobject-2.0': 4.1.0
      '@girs/graphene-1.0': 4.1.0
      '@girs/gvc-1.0': 4.1.0
      '@girs/harfbuzz-0.0': 4.1.0
      '@girs/meta-18': 4.1.0
      '@girs/mtk-18': 4.1.0
      '@girs/nm-1.0': 4.1.0
      '@girs/pango-1.0': 4.1.0
      '@girs/polkit-1.0': 4.1.0
      '@girs/polkitagent-1.0': 4.1.0
      '@girs/st-18': 4.1.0
      '@girs/xfixes-4.0': 4.1.0
      '@girs/xlib-2.0': 4.1.0

  '@girs/shew-0@4.1.0':
    dependencies:
      '@girs/cairo-1.0': 4.1.0
      '@girs/freetype2-2.0': 4.1.0
      '@girs/gdk-4.0': 4.1.0
      '@girs/gdkpixbuf-2.0': 4.1.0
      '@girs/gio-2.0': 4.1.0
      '@girs/gjs': 4.1.0
      '@girs/glib-2.0': 4.1.0
      '@girs/gmodule-2.0': 4.1.0
      '@girs/gobject-2.0': 4.1.0
      '@girs/graphene-1.0': 4.1.0
      '@girs/gsk-4.0': 4.1.0
      '@girs/gtk-4.0': 4.1.0
      '@girs/harfbuzz-0.0': 4.1.0
      '@girs/pango-1.0': 4.1.0
      '@girs/pangocairo-1.0': 4.1.0

  '@girs/st-18@4.1.0':
    dependencies:
      '@girs/atk-1.0': 4.1.0
      '@girs/cairo-1.0': 4.1.0
      '@girs/clutter-18': 4.1.0
      '@girs/cogl-18': 4.1.0
      '@girs/freetype2-2.0': 4.1.0
      '@girs/gdesktopenums-3.0': 4.1.0
      '@girs/gdkpixbuf-2.0': 4.1.0
      '@girs/gio-2.0': 4.1.0
      '@girs/gjs': 4.1.0
      '@girs/gl-1.0': 4.1.0
      '@girs/glib-2.0': 4.1.0
      '@girs/gmodule-2.0': 4.1.0
      '@girs/gobject-2.0': 4.1.0
      '@girs/graphene-1.0': 4.1.0
      '@girs/harfbuzz-0.0': 4.1.0
      '@girs/meta-18': 4.1.0
      '@girs/mtk-18': 4.1.0
      '@girs/pango-1.0': 4.1.0
      '@girs/xfixes-4.0': 4.1.0
      '@girs/xlib-2.0': 4.1.0

  '@girs/upowerglib-1.0@4.1.0':
    dependencies:
      '@girs/gio-2.0': 4.1.0
      '@girs/gjs': 4.1.0
      '@girs/glib-2.0': 4.1.0
      '@girs/gmodule-2.0': 4.1.0
      '@girs/gobject-2.0': 4.1.0

  '@girs/xfixes-4.0@4.1.0':
    dependencies:
      '@girs/gjs': 4.1.0
      '@girs/gobject-2.0': 4.1.0

  '@girs/xlib-2.0@4.1.0':
    dependencies:
      '@girs/gjs': 4.1.0
      '@girs/gobject-2.0': 4.1.0

  '@napi-rs/wasm-runtime@1.1.6(@emnapi/core@1.11.1)(@emnapi/runtime@1.11.1)':
    dependencies:
      '@emnapi/core': 1.11.1
      '@emnapi/runtime': 1.11.1
      '@tybys/wasm-util': 0.10.3
    optional: true

  '@oxc-project/types@0.139.0': {}

  '@oxfmt/binding-android-arm-eabi@0.58.0':
    optional: true

  '@oxfmt/binding-android-arm64@0.58.0':
    optional: true

  '@oxfmt/binding-darwin-arm64@0.58.0':
    optional: true

  '@oxfmt/binding-darwin-x64@0.58.0':
    optional: true

  '@oxfmt/binding-freebsd-x64@0.58.0':
    optional: true

  '@oxfmt/binding-linux-arm-gnueabihf@0.58.0':
    optional: true

  '@oxfmt/binding-linux-arm-musleabihf@0.58.0':
    optional: true

  '@oxfmt/binding-linux-arm64-gnu@0.58.0':
    optional: true

  '@oxfmt/binding-linux-arm64-musl@0.58.0':
    optional: true

  '@oxfmt/binding-linux-ppc64-gnu@0.58.0':
    optional: true

  '@oxfmt/binding-linux-riscv64-gnu@0.58.0':
    optional: true

  '@oxfmt/binding-linux-riscv64-musl@0.58.0':
    optional: true

  '@oxfmt/binding-linux-s390x-gnu@0.58.0':
    optional: true

  '@oxfmt/binding-linux-x64-gnu@0.58.0':
    optional: true

  '@oxfmt/binding-linux-x64-musl@0.58.0':
    optional: true

  '@oxfmt/binding-openharmony-arm64@0.58.0':
    optional: true

  '@oxfmt/binding-win32-arm64-msvc@0.58.0':
    optional: true

  '@oxfmt/binding-win32-ia32-msvc@0.58.0':
    optional: true

  '@oxfmt/binding-win32-x64-msvc@0.58.0':
    optional: true

  '@oxlint/binding-android-arm-eabi@1.73.0':
    optional: true

  '@oxlint/binding-android-arm64@1.73.0':
    optional: true

  '@oxlint/binding-darwin-arm64@1.73.0':
    optional: true

  '@oxlint/binding-darwin-x64@1.73.0':
    optional: true

  '@oxlint/binding-freebsd-x64@1.73.0':
    optional: true

  '@oxlint/binding-linux-arm-gnueabihf@1.73.0':
    optional: true

  '@oxlint/binding-linux-arm-musleabihf@1.73.0':
    optional: true

  '@oxlint/binding-linux-arm64-gnu@1.73.0':
    optional: true

  '@oxlint/binding-linux-arm64-musl@1.73.0':
    optional: true

  '@oxlint/binding-linux-ppc64-gnu@1.73.0':
    optional: true

  '@oxlint/binding-linux-riscv64-gnu@1.73.0':
    optional: true

  '@oxlint/binding-linux-riscv64-musl@1.73.0':
    optional: true

  '@oxlint/binding-linux-s390x-gnu@1.73.0':
    optional: true

  '@oxlint/binding-linux-x64-gnu@1.73.0':
    optional: true

  '@oxlint/binding-linux-x64-musl@1.73.0':
    optional: true

  '@oxlint/binding-openharmony-arm64@1.73.0':
    optional: true

  '@oxlint/binding-win32-arm64-msvc@1.73.0':
    optional: true

  '@oxlint/binding-win32-ia32-msvc@1.73.0':
    optional: true

  '@oxlint/binding-win32-x64-msvc@1.73.0':
    optional: true

  '@rolldown/binding-android-arm64@1.1.5':
    optional: true

  '@rolldown/binding-darwin-arm64@1.1.5':
    optional: true

  '@rolldown/binding-darwin-x64@1.1.5':
    optional: true

  '@rolldown/binding-freebsd-x64@1.1.5':
    optional: true

  '@rolldown/binding-linux-arm-gnueabihf@1.1.5':
    optional: true

  '@rolldown/binding-linux-arm64-gnu@1.1.5':
    optional: true

  '@rolldown/binding-linux-arm64-musl@1.1.5':
    optional: true

  '@rolldown/binding-linux-ppc64-gnu@1.1.5':
    optional: true

  '@rolldown/binding-linux-s390x-gnu@1.1.5':
    optional: true

  '@rolldown/binding-linux-x64-gnu@1.1.5':
    optional: true

  '@rolldown/binding-linux-x64-musl@1.1.5':
    optional: true

  '@rolldown/binding-openharmony-arm64@1.1.5':
    optional: true

  '@rolldown/binding-wasm32-wasi@1.1.5':
    dependencies:
      '@emnapi/core': 1.11.1
      '@emnapi/runtime': 1.11.1
      '@napi-rs/wasm-runtime': 1.1.6(@emnapi/core@1.11.1)(@emnapi/runtime@1.11.1)
    optional: true

  '@rolldown/binding-win32-arm64-msvc@1.1.5':
    optional: true

  '@rolldown/binding-win32-x64-msvc@1.1.5':
    optional: true

  '@rolldown/pluginutils@1.0.1': {}

  '@tybys/wasm-util@0.10.3':
    dependencies:
      tslib: 2.8.1
    optional: true

  '@typescript/native-preview-darwin-arm64@7.0.0-dev.20260707.2':
    optional: true

  '@typescript/native-preview-darwin-x64@7.0.0-dev.20260707.2':
    optional: true

  '@typescript/native-preview-linux-arm64@7.0.0-dev.20260707.2':
    optional: true

  '@typescript/native-preview-linux-arm@7.0.0-dev.20260707.2':
    optional: true

  '@typescript/native-preview-linux-x64@7.0.0-dev.20260707.2':
    optional: true

  '@typescript/native-preview-win32-arm64@7.0.0-dev.20260707.2':
    optional: true

  '@typescript/native-preview-win32-x64@7.0.0-dev.20260707.2':
    optional: true

  '@typescript/native-preview@7.0.0-dev.20260707.2':
    optionalDependencies:
      '@typescript/native-preview-darwin-arm64': 7.0.0-dev.20260707.2
      '@typescript/native-preview-darwin-x64': 7.0.0-dev.20260707.2
      '@typescript/native-preview-linux-arm': 7.0.0-dev.20260707.2
      '@typescript/native-preview-linux-arm64': 7.0.0-dev.20260707.2
      '@typescript/native-preview-linux-x64': 7.0.0-dev.20260707.2
      '@typescript/native-preview-win32-arm64': 7.0.0-dev.20260707.2
      '@typescript/native-preview-win32-x64': 7.0.0-dev.20260707.2

  oxfmt@0.58.0:
    dependencies:
      tinypool: 2.1.0
    optionalDependencies:
      '@oxfmt/binding-android-arm-eabi': 0.58.0
      '@oxfmt/binding-android-arm64': 0.58.0
      '@oxfmt/binding-darwin-arm64': 0.58.0
      '@oxfmt/binding-darwin-x64': 0.58.0
      '@oxfmt/binding-freebsd-x64': 0.58.0
      '@oxfmt/binding-linux-arm-gnueabihf': 0.58.0
      '@oxfmt/binding-linux-arm-musleabihf': 0.58.0
      '@oxfmt/binding-linux-arm64-gnu': 0.58.0
      '@oxfmt/binding-linux-arm64-musl': 0.58.0
      '@oxfmt/binding-linux-ppc64-gnu': 0.58.0
      '@oxfmt/binding-linux-riscv64-gnu': 0.58.0
      '@oxfmt/binding-linux-riscv64-musl': 0.58.0
      '@oxfmt/binding-linux-s390x-gnu': 0.58.0
      '@oxfmt/binding-linux-x64-gnu': 0.58.0
      '@oxfmt/binding-linux-x64-musl': 0.58.0
      '@oxfmt/binding-openharmony-arm64': 0.58.0
      '@oxfmt/binding-win32-arm64-msvc': 0.58.0
      '@oxfmt/binding-win32-ia32-msvc': 0.58.0
      '@oxfmt/binding-win32-x64-msvc': 0.58.0

  oxlint@1.73.0:
    optionalDependencies:
      '@oxlint/binding-android-arm-eabi': 1.73.0
      '@oxlint/binding-android-arm64': 1.73.0
      '@oxlint/binding-darwin-arm64': 1.73.0
      '@oxlint/binding-darwin-x64': 1.73.0
      '@oxlint/binding-freebsd-x64': 1.73.0
      '@oxlint/binding-linux-arm-gnueabihf': 1.73.0
      '@oxlint/binding-linux-arm-musleabihf': 1.73.0
      '@oxlint/binding-linux-arm64-gnu': 1.73.0
      '@oxlint/binding-linux-arm64-musl': 1.73.0
      '@oxlint/binding-linux-ppc64-gnu': 1.73.0
      '@oxlint/binding-linux-riscv64-gnu': 1.73.0
      '@oxlint/binding-linux-riscv64-musl': 1.73.0
      '@oxlint/binding-linux-s390x-gnu': 1.73.0
      '@oxlint/binding-linux-x64-gnu': 1.73.0
      '@oxlint/binding-linux-x64-musl': 1.73.0
      '@oxlint/binding-openharmony-arm64': 1.73.0
      '@oxlint/binding-win32-arm64-msvc': 1.73.0
      '@oxlint/binding-win32-ia32-msvc': 1.73.0
      '@oxlint/binding-win32-x64-msvc': 1.73.0

  rolldown@1.1.5:
    dependencies:
      '@oxc-project/types': 0.139.0
      '@rolldown/pluginutils': 1.0.1
    optionalDependencies:
      '@rolldown/binding-android-arm64': 1.1.5
      '@rolldown/binding-darwin-arm64': 1.1.5
      '@rolldown/binding-darwin-x64': 1.1.5
      '@rolldown/binding-freebsd-x64': 1.1.5
      '@rolldown/binding-linux-arm-gnueabihf': 1.1.5
      '@rolldown/binding-linux-arm64-gnu': 1.1.5
      '@rolldown/binding-linux-arm64-musl': 1.1.5
      '@rolldown/binding-linux-ppc64-gnu': 1.1.5
      '@rolldown/binding-linux-s390x-gnu': 1.1.5
      '@rolldown/binding-linux-x64-gnu': 1.1.5
      '@rolldown/binding-linux-x64-musl': 1.1.5
      '@rolldown/binding-openharmony-arm64': 1.1.5
      '@rolldown/binding-wasm32-wasi': 1.1.5
      '@rolldown/binding-win32-arm64-msvc': 1.1.5
      '@rolldown/binding-win32-x64-msvc': 1.1.5

  tinypool@2.1.0: {}

  tslib@2.8.1:
    optional: true
